
Microsoft Visual Studio Solution File, Format Version 12.00
# Visual Studio Version 17
VisualStudioVersion = 17.4.33205.214
MinimumVisualStudioVersion = 10.0.40219.1
Project("{9A19103F-16F7-4668-BE54-9A1E7A4F7556}") = "SemesterProject(MsWord)", "SemesterProject(MsWord)\SemesterProject(MsWord).csproj", "{D550998E-940B-4BFD-83C8-CC0370F9B541}"
EndProject
Project("{FAE04EC0-301F-11D3-BF4B-00C04F79EFBC}") = "Find", "Find\Find.csproj", "{046438D0-6ED9-4DEE-95E7-599E752E5AEB}"
EndProject
Global
	GlobalSection(SolutionConfigurationPlatforms) = preSolution
		Debug|Any CPU = Debug|Any CPU
		Release|Any CPU = Release|Any CPU
	EndGlobalSection
	GlobalSection(ProjectConfigurationPlatforms) = postSolution
		{D550998E-940B-4BFD-83C8-CC0370F9B541}.Debug|Any CPU.ActiveCfg = Debug|Any CPU
		{D550998E-940B-4BFD-83C8-CC0370F9B541}.Debug|Any CPU.Build.0 = Debug|Any CPU
		{D550998E-940B-4BFD-83C8-CC0370F9B541}.Release|Any CPU.ActiveCfg = Release|Any CPU
		{D550998E-940B-4BFD-83C8-CC0370F9B541}.Release|Any CPU.Build.0 = Release|Any CPU
		{046438D0-6ED9-4DEE-95E7-599E752E5AEB}.Debug|Any CPU.ActiveCfg = Debug|Any CPU
		{046438D0-6ED9-4DEE-95E7-599E752E5AEB}.Debug|Any CPU.Build.0 = Debug|Any CPU
		{046438D0-6ED9-4DEE-95E7-599E752E5AEB}.Release|Any CPU.ActiveCfg = Release|Any CPU
		{046438D0-6ED9-4DEE-95E7-599E752E5AEB}.Release|Any CPU.Build.0 = Release|Any CPU
	EndGlobalSection
	GlobalSection(SolutionProperties) = preSolution
		HideSolutionNode = FALSE
	EndGlobalSection
	GlobalSection(ExtensibilityGlobals) = postSolution
		SolutionGuid = {628DB8FA-45AA-4331-B8A9-441993783335}
	EndGlobalSection
EndGlobal
